
Microsoft Visual Studio Solution File, Format Version 12.00
# Visual Studio Version 17
VisualStudioVersion = 17.14.36414.22 d17.14
MinimumVisualStudioVersion = 10.0.40219.1
Project("{FAE04EC0-301F-11D3-BF4B-00C04F79EFBC}") = "EmpujeComunitario.Graphql.Api", "EmpujeComunitario.Graphql.Api\EmpujeComunitario.Graphql.Api.csproj", "{C9DD3EB4-6719-4D27-9EBD-7642E77EB3FE}"
EndProject
Project("{FAE04EC0-301F-11D3-BF4B-00C04F79EFBC}") = "EmpujeComunitario.Graphql.Common", "EmpujeComunitario.Graphql.Common\EmpujeComunitario.Graphql.Common.csproj", "{F3109D20-C3FB-4945-8766-AF7E43DF7944}"
EndProject
Project("{FAE04EC0-301F-11D3-BF4B-00C04F79EFBC}") = "EmpujeComunitario.Graphql.Service", "EmpujeComunitario.Graphql.Service\EmpujeComunitario.Graphql.Service.csproj", "{0B4DE42E-D1EC-4B33-8EF9-B0E501D2BF0B}"
EndProject
Project("{FAE04EC0-301F-11D3-BF4B-00C04F79EFBC}") = "EmpujeComunitario.Graphql.DataAccess", "EmpujeComunitario.Graphql.DataAccess\EmpujeComunitario.Graphql.DataAccess.csproj", "{BA30C0D8-B94B-46E7-B6FE-B8162CD2D218}"
EndProject
Global
	GlobalSection(SolutionConfigurationPlatforms) = preSolution
		Debug|Any CPU = Debug|Any CPU
		Release|Any CPU = Release|Any CPU
	EndGlobalSection
	GlobalSection(ProjectConfigurationPlatforms) = postSolution
		{C9DD3EB4-6719-4D27-9EBD-7642E77EB3FE}.Debug|Any CPU.ActiveCfg = Debug|Any CPU
		{C9DD3EB4-6719-4D27-9EBD-7642E77EB3FE}.Debug|Any CPU.Build.0 = Debug|Any CPU
		{C9DD3EB4-6719-4D27-9EBD-7642E77EB3FE}.Release|Any CPU.ActiveCfg = Release|Any CPU
		{C9DD3EB4-6719-4D27-9EBD-7642E77EB3FE}.Release|Any CPU.Build.0 = Release|Any CPU
		{F3109D20-C3FB-4945-8766-AF7E43DF7944}.Debug|Any CPU.ActiveCfg = Debug|Any CPU
		{F3109D20-C3FB-4945-8766-AF7E43DF7944}.Debug|Any CPU.Build.0 = Debug|Any CPU
		{F3109D20-C3FB-4945-8766-AF7E43DF7944}.Release|Any CPU.ActiveCfg = Release|Any CPU
		{F3109D20-C3FB-4945-8766-AF7E43DF7944}.Release|Any CPU.Build.0 = Release|Any CPU
		{0B4DE42E-D1EC-4B33-8EF9-B0E501D2BF0B}.Debug|Any CPU.ActiveCfg = Debug|Any CPU
		{0B4DE42E-D1EC-4B33-8EF9-B0E501D2BF0B}.Debug|Any CPU.Build.0 = Debug|Any CPU
		{0B4DE42E-D1EC-4B33-8EF9-B0E501D2BF0B}.Release|Any CPU.ActiveCfg = Release|Any CPU
		{0B4DE42E-D1EC-4B33-8EF9-B0E501D2BF0B}.Release|Any CPU.Build.0 = Release|Any CPU
		{BA30C0D8-B94B-46E7-B6FE-B8162CD2D218}.Debug|Any CPU.ActiveCfg = Debug|Any CPU
		{BA30C0D8-B94B-46E7-B6FE-B8162CD2D218}.Debug|Any CPU.Build.0 = Debug|Any CPU
		{BA30C0D8-B94B-46E7-B6FE-B8162CD2D218}.Release|Any CPU.ActiveCfg = Release|Any CPU
		{BA30C0D8-B94B-46E7-B6FE-B8162CD2D218}.Release|Any CPU.Build.0 = Release|Any CPU
	EndGlobalSection
	GlobalSection(SolutionProperties) = preSolution
		HideSolutionNode = FALSE
	EndGlobalSection
	GlobalSection(ExtensibilityGlobals) = postSolution
		SolutionGuid = {20A69FCC-3D80-4E2E-9B51-8348DEAD0924}
	EndGlobalSection
EndGlobal
